// !$*UTF8*$!
{
	archiveVersion = 1;
	classes = {
	};
	objectVersion = 55;
	objects = {

/* Begin PBXBuildFile section */
		38F4AA4627C3E24300247752 /* AppDelegate.swift in Sources */ = {isa = PBXBuildFile; fileRef = 38F4AA4527C3E24300247752 /* AppDelegate.swift */; };
		38F4AA4827C3E24300247752 /* SceneDelegate.swift in Sources */ = {isa = PBXBuildFile; fileRef = 38F4AA4727C3E24300247752 /* SceneDelegate.swift */; };
		38F4AA4A27C3E24300247752 /* ViewController.swift in Sources */ = {isa = PBXBuildFile; fileRef = 38F4AA4927C3E24300247752 /* ViewController.swift */; };
		38F4AA4D27C3E24300247752 /* Main.storyboard in Resources */ = {isa = PBXBuildFile; fileRef = 38F4AA4B27C3E24300247752 /* Main.storyboard */; };
		38F4AA4F27C3E24400247752 /* Assets.xcassets in Resources */ = {isa = PBXBuildFile; fileRef = 38F4AA4E27C3E24400247752 /* Assets.xcassets */; };
		38F4AA5227C3E24400247752 /* LaunchScreen.storyboard in Resources */ = {isa = PBXBuildFile; fileRef = 38F4AA5027C3E24400247752 /* LaunchScreen.storyboard */; };
		38F4AA6027C3E34700247752 /* CoreDataModelVersion.swift in Sources */ = {isa = PBXBuildFile; fileRef = 38F4AA5A27C3E34700247752 /* CoreDataModelVersion.swift */; };
		38F4AA6127C3E34700247752 /* CoreDataMigrationStep.swift in Sources */ = {isa = PBXBuildFile; fileRef = 38F4AA5B27C3E34700247752 /* CoreDataMigrationStep.swift */; };
		38F4AA6227C3E34700247752 /* CoreDataConfig.swift in Sources */ = {isa = PBXBuildFile; fileRef = 38F4AA5C27C3E34700247752 /* CoreDataConfig.swift */; };
		38F4AA6327C3E34700247752 /* CoreDataModelVersionProvider.swift in Sources */ = {isa = PBXBuildFile; fileRef = 38F4AA5D27C3E34700247752 /* CoreDataModelVersionProvider.swift */; };
		38F4AA6427C3E34700247752 /* CoreDataMigrator.swift in Sources */ = {isa = PBXBuildFile; fileRef = 38F4AA5E27C3E34700247752 /* CoreDataMigrator.swift */; };
		38F4AA6527C3E34700247752 /* CoreDataManager.swift in Sources */ = {isa = PBXBuildFile; fileRef = 38F4AA5F27C3E34700247752 /* CoreDataManager.swift */; };
		38F4AA6827C3E37300247752 /* Utils.swift in Sources */ = {isa = PBXBuildFile; fileRef = 38F4AA6727C3E37300247752 /* Utils.swift */; };
		38F4AA6D27C3E3C000247752 /* FileManager+Extension.swift in Sources */ = {isa = PBXBuildFile; fileRef = 38F4AA6C27C3E3C000247752 /* FileManager+Extension.swift */; };
		38F4AA6F27C3E3DF00247752 /* NSPersistentStoreCoordinator+Extension.swift in Sources */ = {isa = PBXBuildFile; fileRef = 38F4AA6E27C3E3DF00247752 /* NSPersistentStoreCoordinator+Extension.swift */; };
/* End PBXBuildFile section */

/* Begin PBXFileReference section */
		38F4AA4227C3E24300247752 /* iOS-Boilerplates.app */ = {isa = PBXFileReference; explicitFileType = wrapper.application; includeInIndex = 0; path = "iOS-Boilerplates.app"; sourceTree = BUILT_PRODUCTS_DIR; };
		38F4AA4527C3E24300247752 /* AppDelegate.swift */ = {isa = PBXFileReference; lastKnownFileType = sourcecode.swift; path = AppDelegate.swift; sourceTree = "<group>"; };
		38F4AA4727C3E24300247752 /* SceneDelegate.swift */ = {isa = PBXFileReference; lastKnownFileType = sourcecode.swift; path = SceneDelegate.swift; sourceTree = "<group>"; };
		38F4AA4927C3E24300247752 /* ViewController.swift */ = {isa = PBXFileReference; lastKnownFileType = sourcecode.swift; path = ViewController.swift; sourceTree = "<group>"; };
		38F4AA4C27C3E24300247752 /* Base */ = {isa = PBXFileReference; lastKnownFileType = file.storyboard; name = Base; path = Base.lproj/Main.storyboard; sourceTree = "<group>"; };
		38F4AA4E27C3E24400247752 /* Assets.xcassets */ = {isa = PBXFileReference; lastKnownFileType = folder.assetcatalog; path = Assets.xcassets; sourceTree = "<group>"; };
		38F4AA5127C3E24400247752 /* Base */ = {isa = PBXFileReference; lastKnownFileType = file.storyboard; name = Base; path = Base.lproj/LaunchScreen.storyboard; sourceTree = "<group>"; };
		38F4AA5327C3E24400247752 /* Info.plist */ = {isa = PBXFileReference; lastKnownFileType = text.plist.xml; path = Info.plist; sourceTree = "<group>"; };
		38F4AA5A27C3E34700247752 /* CoreDataModelVersion.swift */ = {isa = PBXFileReference; fileEncoding = 4; lastKnownFileType = sourcecode.swift; path = CoreDataModelVersion.swift; sourceTree = "<group>"; };
		38F4AA5B27C3E34700247752 /* CoreDataMigrationStep.swift */ = {isa = PBXFileReference; fileEncoding = 4; lastKnownFileType = sourcecode.swift; path = CoreDataMigrationStep.swift; sourceTree = "<group>"; };
		38F4AA5C27C3E34700247752 /* CoreDataConfig.swift */ = {isa = PBXFileReference; fileEncoding = 4; lastKnownFileType = sourcecode.swift; path = CoreDataConfig.swift; sourceTree = "<group>"; };
		38F4AA5D27C3E34700247752 /* CoreDataModelVersionProvider.swift */ = {isa = PBXFileReference; fileEncoding = 4; lastKnownFileType = sourcecode.swift; path = CoreDataModelVersionProvider.swift; sourceTree = "<group>"; };
		38F4AA5E27C3E34700247752 /* CoreDataMigrator.swift */ = {isa = PBXFileReference; fileEncoding = 4; lastKnownFileType = sourcecode.swift; path = CoreDataMigrator.swift; sourceTree = "<group>"; };
		38F4AA5F27C3E34700247752 /* CoreDataManager.swift */ = {isa = PBXFileReference; fileEncoding = 4; lastKnownFileType = sourcecode.swift; path = CoreDataManager.swift; sourceTree = "<group>"; };
		38F4AA6727C3E37300247752 /* Utils.swift */ = {isa = PBXFileReference; fileEncoding = 4; lastKnownFileType = sourcecode.swift; path = Utils.swift; sourceTree = "<group>"; };
		38F4AA6C27C3E3C000247752 /* FileManager+Extension.swift */ = {isa = PBXFileReference; fileEncoding = 4; lastKnownFileType = sourcecode.swift; path = "FileManager+Extension.swift"; sourceTree = "<group>"; };
		38F4AA6E27C3E3DF00247752 /* NSPersistentStoreCoordinator+Extension.swift */ = {isa = PBXFileReference; fileEncoding = 4; lastKnownFileType = sourcecode.swift; path = "NSPersistentStoreCoordinator+Extension.swift"; sourceTree = "<group>"; };
/* End PBXFileReference section */

/* Begin PBXFrameworksBuildPhase section */
		38F4AA3F27C3E24300247752 /* Frameworks */ = {
			isa = PBXFrameworksBuildPhase;
			buildActionMask = 2147483647;
			files = (
			);
			runOnlyForDeploymentPostprocessing = 0;
		};
/* End PBXFrameworksBuildPhase section */

/* Begin PBXGroup section */
		38F4AA3927C3E24300247752 = {
			isa = PBXGroup;
			children = (
				38F4AA4427C3E24300247752 /* iOS-Boilerplates */,
				38F4AA4327C3E24300247752 /* Products */,
			);
			sourceTree = "<group>";
		};
		38F4AA4327C3E24300247752 /* Products */ = {
			isa = PBXGroup;
			children = (
				38F4AA4227C3E24300247752 /* iOS-Boilerplates.app */,
			);
			name = Products;
			sourceTree = "<group>";
		};
		38F4AA4427C3E24300247752 /* iOS-Boilerplates */ = {
			isa = PBXGroup;
			children = (
				38F4AA6927C3E38800247752 /* Extensions */,
				38F4AA6627C3E35C00247752 /* Utils */,
				38F4AA5927C3E33500247752 /* CoreData */,
				38F4AA4527C3E24300247752 /* AppDelegate.swift */,
				38F4AA4727C3E24300247752 /* SceneDelegate.swift */,
				38F4AA4927C3E24300247752 /* ViewController.swift */,
				38F4AA4B27C3E24300247752 /* Main.storyboard */,
				38F4AA4E27C3E24400247752 /* Assets.xcassets */,
				38F4AA5027C3E24400247752 /* LaunchScreen.storyboard */,
				38F4AA5327C3E24400247752 /* Info.plist */,
			);
			path = "iOS-Boilerplates";
			sourceTree = "<group>";
		};
		38F4AA5927C3E33500247752 /* CoreData */ = {
			isa = PBXGroup;
			children = (
				38F4AA5C27C3E34700247752 /* CoreDataConfig.swift */,
				38F4AA5F27C3E34700247752 /* CoreDataManager.swift */,
				38F4AA5A27C3E34700247752 /* CoreDataModelVersion.swift */,
				38F4AA5D27C3E34700247752 /* CoreDataModelVersionProvider.swift */,
				38F4AA7027C3E40000247752 /* Migration */,
			);
			path = CoreData;
			sourceTree = "<group>";
		};
		38F4AA6627C3E35C00247752 /* Utils */ = {
			isa = PBXGroup;
			children = (
				38F4AA6727C3E37300247752 /* Utils.swift */,
			);
			path = Utils;
			sourceTree = "<group>";
		};
		38F4AA6927C3E38800247752 /* Extensions */ = {
			isa = PBXGroup;
			children = (
				38F4AA6C27C3E3C000247752 /* FileManager+Extension.swift */,
				38F4AA6E27C3E3DF00247752 /* NSPersistentStoreCoordinator+Extension.swift */,
			);
			path = Extensions;
			sourceTree = "<group>";
		};
		38F4AA7027C3E40000247752 /* Migration */ = {
			isa = PBXGroup;
			children = (
				38F4AA5B27C3E34700247752 /* CoreDataMigrationStep.swift */,
				38F4AA5E27C3E34700247752 /* CoreDataMigrator.swift */,
			);
			path = Migration;
			sourceTree = "<group>";
		};
/* End PBXGroup section */

/* Begin PBXNativeTarget section */
		38F4AA4127C3E24300247752 /* iOS-Boilerplates */ = {
			isa = PBXNativeTarget;
			buildConfigurationList = 38F4AA5627C3E24400247752 /* Build configuration list for PBXNativeTarget "iOS-Boilerplates" */;
			buildPhases = (
				38F4AA3E27C3E24300247752 /* Sources */,
				38F4AA3F27C3E24300247752 /* Frameworks */,
				38F4AA4027C3E24300247752 /* Resources */,
			);
			buildRules = (
			);
			dependencies = (
			);
			name = "iOS-Boilerplates";
			productName = "iOS-Boilerplates";
			productReference = 38F4AA4227C3E24300247752 /* iOS-Boilerplates.app */;
			productType = "com.apple.product-type.application";
		};
/* End PBXNativeTarget section */

/* Begin PBXProject section */
		38F4AA3A27C3E24300247752 /* Project object */ = {
			isa = PBXProject;
			attributes = {
				BuildIndependentTargetsInParallel = 1;
				LastSwiftUpdateCheck = 1310;
				LastUpgradeCheck = 1310;
				TargetAttributes = {
					38F4AA4127C3E24300247752 = {
						CreatedOnToolsVersion = 13.1;
					};
				};
			};
			buildConfigurationList = 38F4AA3D27C3E24300247752 /* Build configuration list for PBXProject "iOS-Boilerplates" */;
			compatibilityVersion = "Xcode 13.0";
			developmentRegion = en;
			hasScannedForEncodings = 0;
			knownRegions = (
				en,
				Base,
			);
			mainGroup = 38F4AA3927C3E24300247752;
			productRefGroup = 38F4AA4327C3E24300247752 /* Products */;
			projectDirPath = "";
			projectRoot = "";
			targets = (
				38F4AA4127C3E24300247752 /* iOS-Boilerplates */,
			);
		};
/* End PBXProject section */

/* Begin PBXResourcesBuildPhase section */
		38F4AA4027C3E24300247752 /* Resources */ = {
			isa = PBXResourcesBuildPhase;
			buildActionMask = 2147483647;
			files = (
				38F4AA5227C3E24400247752 /* LaunchScreen.storyboard in Resources */,
				38F4AA4F27C3E24400247752 /* Assets.xcassets in Resources */,
				38F4AA4D27C3E24300247752 /* Main.storyboard in Resources */,
			);
			runOnlyForDeploymentPostprocessing = 0;
		};
/* End PBXResourcesBuildPhase section */

/* Begin PBXSourcesBuildPhase section */
		38F4AA3E27C3E24300247752 /* Sources */ = {
			isa = PBXSourcesBuildPhase;
			buildActionMask = 2147483647;
			files = (
				38F4AA6D27C3E3C000247752 /* FileManager+Extension.swift in Sources */,
				38F4AA6327C3E34700247752 /* CoreDataModelVersionProvider.swift in Sources */,
				38F4AA6F27C3E3DF00247752 /* NSPersistentStoreCoordinator+Extension.swift in Sources */,
				38F4AA6427C3E34700247752 /* CoreDataMigrator.swift in Sources */,
				38F4AA4A27C3E24300247752 /* ViewController.swift in Sources */,
				38F4AA4627C3E24300247752 /* AppDelegate.swift in Sources */,
				38F4AA6227C3E34700247752 /* CoreDataConfig.swift in Sources */,
				38F4AA6827C3E37300247752 /* Utils.swift in Sources */,
				38F4AA6127C3E34700247752 /* CoreDataMigrationStep.swift in Sources */,
				38F4AA6527C3E34700247752 /* CoreDataManager.swift in Sources */,
				38F4AA4827C3E24300247752 /* SceneDelegate.swift in Sources */,
				38F4AA6027C3E34700247752 /* CoreDataModelVersion.swift in Sources */,
			);
			runOnlyForDeploymentPostprocessing = 0;
		};
/* End PBXSourcesBuildPhase section */

/* Begin PBXVariantGroup section */
		38F4AA4B27C3E24300247752 /* Main.storyboard */ = {
			isa = PBXVariantGroup;
			children = (
				38F4AA4C27C3E24300247752 /* Base */,
			);
			name = Main.storyboard;
			sourceTree = "<group>";
		};
		38F4AA5027C3E24400247752 /* LaunchScreen.storyboard */ = {
			isa = PBXVariantGroup;
			children = (
				38F4AA5127C3E24400247752 /* Base */,
			);
			name = LaunchScreen.storyboard;
			sourceTree = "<group>";
		};
/* End PBXVariantGroup section */

/* Begin XCBuildConfiguration section */
		38F4AA5427C3E24400247752 /* Debug */ = {
			isa = XCBuildConfiguration;
			buildSettings = {
				ALWAYS_SEARCH_USER_PATHS = NO;
				CLANG_ANALYZER_NONNULL = YES;
				CLANG_ANALYZER_NUMBER_OBJECT_CONVERSION = YES_AGGRESSIVE;
				CLANG_CXX_LANGUAGE_STANDARD = "gnu++17";
				CLANG_CXX_LIBRARY = "libc++";
				CLANG_ENABLE_MODULES = YES;
				CLANG_ENABLE_OBJC_ARC = YES;
				CLANG_ENABLE_OBJC_WEAK = YES;
				CLANG_WARN_BLOCK_CAPTURE_AUTORELEASING = YES;
				CLANG_WARN_BOOL_CONVERSION = YES;
				CLANG_WARN_COMMA = YES;
				CLANG_WARN_CONSTANT_CONVERSION = YES;
				CLANG_WARN_DEPRECATED_OBJC_IMPLEMENTATIONS = YES;
				CLANG_WARN_DIRECT_OBJC_ISA_USAGE = YES_ERROR;
				CLANG_WARN_DOCUMENTATION_COMMENTS = YES;
				CLANG_WARN_EMPTY_BODY = YES;
				CLANG_WARN_ENUM_CONVERSION = YES;
				CLANG_WARN_INFINITE_RECURSION = YES;
				CLANG_WARN_INT_CONVERSION = YES;
				CLANG_WARN_NON_LITERAL_NULL_CONVERSION = YES;
				CLANG_WARN_OBJC_IMPLICIT_RETAIN_SELF = YES;
				CLANG_WARN_OBJC_LITERAL_CONVERSION = YES;
				CLANG_WARN_OBJC_ROOT_CLASS = YES_ERROR;
				CLANG_WARN_QUOTED_INCLUDE_IN_FRAMEWORK_HEADER = YES;
				CLANG_WARN_RANGE_LOOP_ANALYSIS = YES;
				CLANG_WARN_STRICT_PROTOTYPES = YES;
				CLANG_WARN_SUSPICIOUS_MOVE = YES;
				CLANG_WARN_UNGUARDED_AVAILABILITY = YES_AGGRESSIVE;
				CLANG_WARN_UNREACHABLE_CODE = YES;
				CLANG_WARN__DUPLICATE_METHOD_MATCH = YES;
				COPY_PHASE_STRIP = NO;
				DEBUG_INFORMATION_FORMAT = dwarf;
				ENABLE_STRICT_OBJC_MSGSEND = YES;
				ENABLE_TESTABILITY = YES;
				GCC_C_LANGUAGE_STANDARD = gnu11;
				GCC_DYNAMIC_NO_PIC = NO;
				GCC_NO_COMMON_BLOCKS = YES;
				GCC_OPTIMIZATION_LEVEL = 0;
				GCC_PREPROCESSOR_DEFINITIONS = (
					"DEBUG=1",
					"$(inherited)",
				);
				GCC_WARN_64_TO_32_BIT_CONVERSION = YES;
				GCC_WARN_ABOUT_RETURN_TYPE = YES_ERROR;
				GCC_WARN_UNDECLARED_SELECTOR = YES;
				GCC_WARN_UNINITIALIZED_AUTOS = YES_AGGRESSIVE;
				GCC_WARN_UNUSED_FUNCTION = YES;
				GCC_WARN_UNUSED_VARIABLE = YES;
				IPHONEOS_DEPLOYMENT_TARGET = 15.0;
				MTL_ENABLE_DEBUG_INFO = INCLUDE_SOURCE;
				MTL_FAST_MATH = YES;
				ONLY_ACTIVE_ARCH = YES;
				SDKROOT = iphoneos;
				SWIFT_ACTIVE_COMPILATION_CONDITIONS = DEBUG;
				SWIFT_OPTIMIZATION_LEVEL = "-Onone";
			};
			name = Debug;
		};
		38F4AA5527C3E24400247752 /* Release */ = {
			isa = XCBuildConfiguration;
			buildSettings = {
				ALWAYS_SEARCH_USER_PATHS = NO;
				CLANG_ANALYZER_NONNULL = YES;
				CLANG_ANALYZER_NUMBER_OBJECT_CONVERSION = YES_AGGRESSIVE;
				CLANG_CXX_LANGUAGE_STANDARD = "gnu++17";
				CLANG_CXX_LIBRARY = "libc++";
				CLANG_ENABLE_MODULES = YES;
				CLANG_ENABLE_OBJC_ARC = YES;
				CLANG_ENABLE_OBJC_WEAK = YES;
				CLANG_WARN_BLOCK_CAPTURE_AUTORELEASING = YES;
				CLANG_WARN_BOOL_CONVERSION = YES;
				CLANG_WARN_COMMA = YES;
				CLANG_WARN_CONSTANT_CONVERSION = YES;
				CLANG_WARN_DEPRECATED_OBJC_IMPLEMENTATIONS = YES;
				CLANG_WARN_DIRECT_OBJC_ISA_USAGE = YES_ERROR;
				CLANG_WARN_DOCUMENTATION_COMMENTS = YES;
				CLANG_WARN_EMPTY_BODY = YES;
				CLANG_WARN_ENUM_CONVERSION = YES;
				CLANG_WARN_INFINITE_RECURSION = YES;
				CLANG_WARN_INT_CONVERSION = YES;
				CLANG_WARN_NON_LITERAL_NULL_CONVERSION = YES;
				CLANG_WARN_OBJC_IMPLICIT_RETAIN_SELF = YES;
				CLANG_WARN_OBJC_LITERAL_CONVERSION = YES;
				CLANG_WARN_OBJC_ROOT_CLASS = YES_ERROR;
				CLANG_WARN_QUOTED_INCLUDE_IN_FRAMEWORK_HEADER = YES;
				CLANG_WARN_RANGE_LOOP_ANALYSIS = YES;
				CLANG_WARN_STRICT_PROTOTYPES = YES;
				CLANG_WARN_SUSPICIOUS_MOVE = YES;
				CLANG_WARN_UNGUARDED_AVAILABILITY = YES_AGGRESSIVE;
				CLANG_WARN_UNREACHABLE_CODE = YES;
				CLANG_WARN__DUPLICATE_METHOD_MATCH = YES;
				COPY_PHASE_STRIP = NO;
				DEBUG_INFORMATION_FORMAT = "dwarf-with-dsym";
				ENABLE_NS_ASSERTIONS = NO;
				ENABLE_STRICT_OBJC_MSGSEND = YES;
				GCC_C_LANGUAGE_STANDARD = gnu11;
				GCC_NO_COMMON_BLOCKS = YES;
				GCC_WARN_64_TO_32_BIT_CONVERSION = YES;
				GCC_WARN_ABOUT_RETURN_TYPE = YES_ERROR;
				GCC_WARN_UNDECLARED_SELECTOR = YES;
				GCC_WARN_UNINITIALIZED_AUTOS = YES_AGGRESSIVE;
				GCC_WARN_UNUSED_FUNCTION = YES;
				GCC_WARN_UNUSED_VARIABLE = YES;
				IPHONEOS_DEPLOYMENT_TARGET = 15.0;
				MTL_ENABLE_DEBUG_INFO = NO;
				MTL_FAST_MATH = YES;
				SDKROOT = iphoneos;
				SWIFT_COMPILATION_MODE = wholemodule;
				SWIFT_OPTIMIZATION_LEVEL = "-O";
				VALIDATE_PRODUCT = YES;
			};
			name = Release;
		};
		38F4AA5727C3E24400247752 /* Debug */ = {
			isa = XCBuildConfiguration;
			buildSettings = {
				ASSETCATALOG_COMPILER_APPICON_NAME = AppIcon;
				ASSETCATALOG_COMPILER_GLOBAL_ACCENT_COLOR_NAME = AccentColor;
				CODE_SIGN_STYLE = Automatic;
				CURRENT_PROJECT_VERSION = 1;
				DEVELOPMENT_TEAM = 5F3NR8DAZL;
				GENERATE_INFOPLIST_FILE = YES;
				INFOPLIST_FILE = "iOS-Boilerplates/Info.plist";
				INFOPLIST_KEY_UIApplicationSupportsIndirectInputEvents = YES;
				INFOPLIST_KEY_UILaunchStoryboardName = LaunchScreen;
				INFOPLIST_KEY_UIMainStoryboardFile = Main;
				INFOPLIST_KEY_UISupportedInterfaceOrientations_iPad = "UIInterfaceOrientationPortrait UIInterfaceOrientationPortraitUpsideDown UIInterfaceOrientationLandscapeLeft UIInterfaceOrientationLandscapeRight";
				INFOPLIST_KEY_UISupportedInterfaceOrientations_iPhone = "UIInterfaceOrientationPortrait UIInterfaceOrientationLandscapeLeft UIInterfaceOrientationLandscapeRight";
				LD_RUNPATH_SEARCH_PATHS = (
					"$(inherited)",
					"@executable_path/Frameworks",
				);
				MARKETING_VERSION = 1.0;
				PRODUCT_BUNDLE_IDENTIFIER = "dev.nazmul.iOS-Boilerplates";
				PRODUCT_NAME = "$(TARGET_NAME)";
				SWIFT_EMIT_LOC_STRINGS = YES;
				SWIFT_VERSION = 5.0;
				TARGETED_DEVICE_FAMILY = "1,2";
			};
			name = Debug;
		};
		38F4AA5827C3E24400247752 /* Release */ = {
			isa = XCBuildConfiguration;
			buildSettings = {
				ASSETCATALOG_COMPILER_APPICON_NAME = AppIcon;
				ASSETCATALOG_COMPILER_GLOBAL_ACCENT_COLOR_NAME = AccentColor;
				CODE_SIGN_STYLE = Automatic;
				CURRENT_PROJECT_VERSION = 1;
				DEVELOPMENT_TEAM = 5F3NR8DAZL;
				GENERATE_INFOPLIST_FILE = YES;
				INFOPLIST_FILE = "iOS-Boilerplates/Info.plist";
				INFOPLIST_KEY_UIApplicationSupportsIndirectInputEvents = YES;
				INFOPLIST_KEY_UILaunchStoryboardName = LaunchScreen;
				INFOPLIST_KEY_UIMainStoryboardFile = Main;
				INFOPLIST_KEY_UISupportedInterfaceOrientations_iPad = "UIInterfaceOrientationPortrait UIInterfaceOrientationPortraitUpsideDown UIInterfaceOrientationLandscapeLeft UIInterfaceOrientationLandscapeRight";
				INFOPLIST_KEY_UISupportedInterfaceOrientations_iPhone = "UIInterfaceOrientationPortrait UIInterfaceOrientationLandscapeLeft UIInterfaceOrientationLandscapeRight";
				LD_RUNPATH_SEARCH_PATHS = (
					"$(inherited)",
					"@executable_path/Frameworks",
				);
				MARKETING_VERSION = 1.0;
				PRODUCT_BUNDLE_IDENTIFIER = "dev.nazmul.iOS-Boilerplates";
				PRODUCT_NAME = "$(TARGET_NAME)";
				SWIFT_EMIT_LOC_STRINGS = YES;
				SWIFT_VERSION = 5.0;
				TARGETED_DEVICE_FAMILY = "1,2";
			};
			name = Release;
		};
/* End XCBuildConfiguration section */

/* Begin XCConfigurationList section */
		38F4AA3D27C3E24300247752 /* Build configuration list for PBXProject "iOS-Boilerplates" */ = {
			isa = XCConfigurationList;
			buildConfigurations = (
				38F4AA5427C3E24400247752 /* Debug */,
				38F4AA5527C3E24400247752 /* Release */,
			);
			defaultConfigurationIsVisible = 0;
			defaultConfigurationName = Release;
		};
		38F4AA5627C3E24400247752 /* Build configuration list for PBXNativeTarget "iOS-Boilerplates" */ = {
			isa = XCConfigurationList;
			buildConfigurations = (
				38F4AA5727C3E24400247752 /* Debug */,
				38F4AA5827C3E24400247752 /* Release */,
			);
			defaultConfigurationIsVisible = 0;
			defaultConfigurationName = Release;
		};
/* End XCConfigurationList section */
	};
	rootObject = 38F4AA3A27C3E24300247752 /* Project object */;
}
